// !$*UTF8*$!
{
	archiveVersion = 1;
	classes = {
	};
	objectVersion = 55;
	objects = {

/* Begin PBXBuildFile section */
		692F0927285A69DB00780F72 /* MoviesResponseDTO.swift in Sources */ = {isa = PBXBuildFile; fileRef = 692F0926285A69DB00780F72 /* MoviesResponseDTO.swift */; };
		692F0934285A6F2A00780F72 /* MoviesResponseDTOMock.json in Sources */ = {isa = PBXBuildFile; fileRef = 692F0933285A6F2A00780F72 /* MoviesResponseDTOMock.json */; };
		692F0935285A6F8C00780F72 /* MoviesResponseDTOTests.swift in Sources */ = {isa = PBXBuildFile; fileRef = 692F092B285A6D5E00780F72 /* MoviesResponseDTOTests.swift */; };
		692F0937285A7DCB00780F72 /* NetworkService.swift in Sources */ = {isa = PBXBuildFile; fileRef = 692F0936285A7DCB00780F72 /* NetworkService.swift */; };
		692F0939285A7DEB00780F72 /* NetworkServiceTests.swift in Sources */ = {isa = PBXBuildFile; fileRef = 692F0938285A7DEB00780F72 /* NetworkServiceTests.swift */; };
		695D8EA828562032008B583A /* AppDelegate.swift in Sources */ = {isa = PBXBuildFile; fileRef = 695D8EA728562032008B583A /* AppDelegate.swift */; };
		695D8EAA28562032008B583A /* SceneDelegate.swift in Sources */ = {isa = PBXBuildFile; fileRef = 695D8EA928562032008B583A /* SceneDelegate.swift */; };
		695D8EAC28562032008B583A /* ViewController.swift in Sources */ = {isa = PBXBuildFile; fileRef = 695D8EAB28562032008B583A /* ViewController.swift */; };
		695D8EAF28562032008B583A /* Main.storyboard in Resources */ = {isa = PBXBuildFile; fileRef = 695D8EAD28562032008B583A /* Main.storyboard */; };
		695D8EB128562034008B583A /* Assets.xcassets in Resources */ = {isa = PBXBuildFile; fileRef = 695D8EB028562034008B583A /* Assets.xcassets */; };
		695D8EB428562034008B583A /* LaunchScreen.storyboard in Resources */ = {isa = PBXBuildFile; fileRef = 695D8EB228562034008B583A /* LaunchScreen.storyboard */; };
		695D8EBF28562034008B583A /* MovieAppTests.swift in Sources */ = {isa = PBXBuildFile; fileRef = 695D8EBE28562034008B583A /* MovieAppTests.swift */; };
		695D8EC928562034008B583A /* MovieAppUITests.swift in Sources */ = {isa = PBXBuildFile; fileRef = 695D8EC828562034008B583A /* MovieAppUITests.swift */; };
		695D8ECB28562034008B583A /* MovieAppUITestsLaunchTests.swift in Sources */ = {isa = PBXBuildFile; fileRef = 695D8ECA28562034008B583A /* MovieAppUITestsLaunchTests.swift */; };
		695D8EDE285641C2008B583A /* CollectionViewController.swift in Sources */ = {isa = PBXBuildFile; fileRef = 695D8EDD285641C2008B583A /* CollectionViewController.swift */; };
		695D8EE028564387008B583A /* CollectionViewCell.xib in Resources */ = {isa = PBXBuildFile; fileRef = 695D8EDF28564387008B583A /* CollectionViewCell.xib */; };
/* End PBXBuildFile section */

/* Begin PBXContainerItemProxy section */
		695D8EBB28562034008B583A /* PBXContainerItemProxy */ = {
			isa = PBXContainerItemProxy;
			containerPortal = 695D8E9C28562032008B583A /* Project object */;
			proxyType = 1;
			remoteGlobalIDString = 695D8EA328562032008B583A;
			remoteInfo = MovieApp;
		};
		695D8EC528562034008B583A /* PBXContainerItemProxy */ = {
			isa = PBXContainerItemProxy;
			containerPortal = 695D8E9C28562032008B583A /* Project object */;
			proxyType = 1;
			remoteGlobalIDString = 695D8EA328562032008B583A;
			remoteInfo = MovieApp;
		};
/* End PBXContainerItemProxy section */

/* Begin PBXFileReference section */
		692F0926285A69DB00780F72 /* MoviesResponseDTO.swift */ = {isa = PBXFileReference; lastKnownFileType = sourcecode.swift; path = MoviesResponseDTO.swift; sourceTree = "<group>"; };
		692F092B285A6D5E00780F72 /* MoviesResponseDTOTests.swift */ = {isa = PBXFileReference; lastKnownFileType = sourcecode.swift; path = MoviesResponseDTOTests.swift; sourceTree = "<group>"; };
		692F0933285A6F2A00780F72 /* MoviesResponseDTOMock.json */ = {isa = PBXFileReference; lastKnownFileType = text.json; path = MoviesResponseDTOMock.json; sourceTree = "<group>"; };
		692F0936285A7DCB00780F72 /* NetworkService.swift */ = {isa = PBXFileReference; lastKnownFileType = sourcecode.swift; path = NetworkService.swift; sourceTree = "<group>"; };
		692F0938285A7DEB00780F72 /* NetworkServiceTests.swift */ = {isa = PBXFileReference; lastKnownFileType = sourcecode.swift; path = NetworkServiceTests.swift; sourceTree = "<group>"; };
		695D8EA428562032008B583A /* MovieApp.app */ = {isa = PBXFileReference; explicitFileType = wrapper.application; includeInIndex = 0; path = MovieApp.app; sourceTree = BUILT_PRODUCTS_DIR; };
		695D8EA728562032008B583A /* AppDelegate.swift */ = {isa = PBXFileReference; lastKnownFileType = sourcecode.swift; path = AppDelegate.swift; sourceTree = "<group>"; };
		695D8EA928562032008B583A /* SceneDelegate.swift */ = {isa = PBXFileReference; lastKnownFileType = sourcecode.swift; path = SceneDelegate.swift; sourceTree = "<group>"; };
		695D8EAB28562032008B583A /* ViewController.swift */ = {isa = PBXFileReference; lastKnownFileType = sourcecode.swift; path = ViewController.swift; sourceTree = "<group>"; };
		695D8EAE28562032008B583A /* Base */ = {isa = PBXFileReference; lastKnownFileType = file.storyboard; name = Base; path = Base.lproj/Main.storyboard; sourceTree = "<group>"; };
		695D8EB028562034008B583A /* Assets.xcassets */ = {isa = PBXFileReference; lastKnownFileType = folder.assetcatalog; path = Assets.xcassets; sourceTree = "<group>"; };
		695D8EB328562034008B583A /* Base */ = {isa = PBXFileReference; lastKnownFileType = file.storyboard; name = Base; path = Base.lproj/LaunchScreen.storyboard; sourceTree = "<group>"; };
		695D8EB528562034008B583A /* Info.plist */ = {isa = PBXFileReference; lastKnownFileType = text.plist.xml; path = Info.plist; sourceTree = "<group>"; };
		695D8EBA28562034008B583A /* MovieAppTests.xctest */ = {isa = PBXFileReference; explicitFileType = wrapper.cfbundle; includeInIndex = 0; path = MovieAppTests.xctest; sourceTree = BUILT_PRODUCTS_DIR; };
		695D8EBE28562034008B583A /* MovieAppTests.swift */ = {isa = PBXFileReference; lastKnownFileType = sourcecode.swift; path = MovieAppTests.swift; sourceTree = "<group>"; };
		695D8EC428562034008B583A /* MovieAppUITests.xctest */ = {isa = PBXFileReference; explicitFileType = wrapper.cfbundle; includeInIndex = 0; path = MovieAppUITests.xctest; sourceTree = BUILT_PRODUCTS_DIR; };
		695D8EC828562034008B583A /* MovieAppUITests.swift */ = {isa = PBXFileReference; lastKnownFileType = sourcecode.swift; path = MovieAppUITests.swift; sourceTree = "<group>"; };
		695D8ECA28562034008B583A /* MovieAppUITestsLaunchTests.swift */ = {isa = PBXFileReference; lastKnownFileType = sourcecode.swift; path = MovieAppUITestsLaunchTests.swift; sourceTree = "<group>"; };
		695D8EDD285641C2008B583A /* CollectionViewController.swift */ = {isa = PBXFileReference; lastKnownFileType = sourcecode.swift; path = CollectionViewController.swift; sourceTree = "<group>"; };
		695D8EDF28564387008B583A /* CollectionViewCell.xib */ = {isa = PBXFileReference; lastKnownFileType = file.xib; path = CollectionViewCell.xib; sourceTree = "<group>"; };
/* End PBXFileReference section */

/* Begin PBXFrameworksBuildPhase section */
		695D8EA128562032008B583A /* Frameworks */ = {
			isa = PBXFrameworksBuildPhase;
			buildActionMask = 2147483647;
			files = (
			);
			runOnlyForDeploymentPostprocessing = 0;
		};
		695D8EB728562034008B583A /* Frameworks */ = {
			isa = PBXFrameworksBuildPhase;
			buildActionMask = 2147483647;
			files = (
			);
			runOnlyForDeploymentPostprocessing = 0;
		};
		695D8EC128562034008B583A /* Frameworks */ = {
			isa = PBXFrameworksBuildPhase;
			buildActionMask = 2147483647;
			files = (
			);
			runOnlyForDeploymentPostprocessing = 0;
		};
/* End PBXFrameworksBuildPhase section */

/* Begin PBXGroup section */
		692F091F285A687600780F72 /* Presentation */ = {
			isa = PBXGroup;
			children = (
			);
			path = Presentation;
			sourceTree = "<group>";
		};
		692F0920285A687D00780F72 /* Domain */ = {
			isa = PBXGroup;
			children = (
				692F0922285A697900780F72 /* Entities */,
			);
			path = Domain;
			sourceTree = "<group>";
		};
		692F0921285A688100780F72 /* Data */ = {
			isa = PBXGroup;
			children = (
				692F0923285A69C100780F72 /* Network */,
			);
			path = Data;
			sourceTree = "<group>";
		};
		692F0922285A697900780F72 /* Entities */ = {
			isa = PBXGroup;
			children = (
			);
			path = Entities;
			sourceTree = "<group>";
		};
		692F0923285A69C100780F72 /* Network */ = {
			isa = PBXGroup;
			children = (
				692F0924285A69C600780F72 /* Mapping */,
				692F0936285A7DCB00780F72 /* NetworkService.swift */,
				692F0938285A7DEB00780F72 /* NetworkServiceTests.swift */,
			);
			path = Network;
			sourceTree = "<group>";
		};
		692F0924285A69C600780F72 /* Mapping */ = {
			isa = PBXGroup;
			children = (
				692F0925285A69CC00780F72 /* Movies */,
			);
			path = Mapping;
			sourceTree = "<group>";
		};
		692F0925285A69CC00780F72 /* Movies */ = {
			isa = PBXGroup;
			children = (
				692F0926285A69DB00780F72 /* MoviesResponseDTO.swift */,
				692F092B285A6D5E00780F72 /* MoviesResponseDTOTests.swift */,
			);
			path = Movies;
			sourceTree = "<group>";
		};
		692F0928285A6CFA00780F72 /* Presentation */ = {
			isa = PBXGroup;
			children = (
			);
			path = Presentation;
			sourceTree = "<group>";
		};
		692F0929285A6D0000780F72 /* Data */ = {
			isa = PBXGroup;
			children = (
				692F092D285A6E4100780F72 /* Network */,
			);
			path = Data;
			sourceTree = "<group>";
		};
		692F092A285A6D0400780F72 /* Domain */ = {
			isa = PBXGroup;
			children = (
			);
			path = Domain;
			sourceTree = "<group>";
		};
		692F092D285A6E4100780F72 /* Network */ = {
			isa = PBXGroup;
			children = (
				692F0932285A6F0F00780F72 /* JSON Mocks */,
				692F092E285A6E5C00780F72 /* Mapping */,
			);
			path = Network;
			sourceTree = "<group>";
		};
		692F092E285A6E5C00780F72 /* Mapping */ = {
			isa = PBXGroup;
			children = (
				692F092F285A6E6600780F72 /* Movies */,
			);
			path = Mapping;
			sourceTree = "<group>";
		};
		692F092F285A6E6600780F72 /* Movies */ = {
			isa = PBXGroup;
			children = (
			);
			path = Movies;
			sourceTree = "<group>";
		};
		692F0932285A6F0F00780F72 /* JSON Mocks */ = {
			isa = PBXGroup;
			children = (
				692F0933285A6F2A00780F72 /* MoviesResponseDTOMock.json */,
			);
			path = "JSON Mocks";
			sourceTree = "<group>";
		};
		695D8E9B28562032008B583A = {
			isa = PBXGroup;
			children = (
				695D8EA628562032008B583A /* MovieApp */,
				695D8EBD28562034008B583A /* MovieAppTests */,
				695D8EC728562034008B583A /* MovieAppUITests */,
				695D8EA528562032008B583A /* Products */,
			);
			sourceTree = "<group>";
		};
		695D8EA528562032008B583A /* Products */ = {
			isa = PBXGroup;
			children = (
				695D8EA428562032008B583A /* MovieApp.app */,
				695D8EBA28562034008B583A /* MovieAppTests.xctest */,
				695D8EC428562034008B583A /* MovieAppUITests.xctest */,
			);
			name = Products;
			sourceTree = "<group>";
		};
		695D8EA628562032008B583A /* MovieApp */ = {
			isa = PBXGroup;
			children = (
				692F091F285A687600780F72 /* Presentation */,
				692F0920285A687D00780F72 /* Domain */,
				692F0921285A688100780F72 /* Data */,
				695D8ED728562062008B583A /* Application */,
				695D8ED82856207B008B583A /* Resources */,
				695D8EAB28562032008B583A /* ViewController.swift */,
				695D8EDD285641C2008B583A /* CollectionViewController.swift */,
				695D8EDF28564387008B583A /* CollectionViewCell.xib */,
				695D8EAD28562032008B583A /* Main.storyboard */,
			);
			path = MovieApp;
			sourceTree = "<group>";
		};
		695D8EBD28562034008B583A /* MovieAppTests */ = {
			isa = PBXGroup;
			children = (
				692F092A285A6D0400780F72 /* Domain */,
				692F0929285A6D0000780F72 /* Data */,
				692F0928285A6CFA00780F72 /* Presentation */,
				695D8EBE28562034008B583A /* MovieAppTests.swift */,
			);
			path = MovieAppTests;
			sourceTree = "<group>";
		};
		695D8EC728562034008B583A /* MovieAppUITests */ = {
			isa = PBXGroup;
			children = (
				695D8EC828562034008B583A /* MovieAppUITests.swift */,
				695D8ECA28562034008B583A /* MovieAppUITestsLaunchTests.swift */,
			);
			path = MovieAppUITests;
			sourceTree = "<group>";
		};
		695D8ED728562062008B583A /* Application */ = {
			isa = PBXGroup;
			children = (
				695D8EA728562032008B583A /* AppDelegate.swift */,
				695D8EA928562032008B583A /* SceneDelegate.swift */,
			);
			path = Application;
			sourceTree = "<group>";
		};
		695D8ED82856207B008B583A /* Resources */ = {
			isa = PBXGroup;
			children = (
				695D8ED928563974008B583A /* Preview Content */,
				695D8EB228562034008B583A /* LaunchScreen.storyboard */,
				695D8EB028562034008B583A /* Assets.xcassets */,
				695D8EB528562034008B583A /* Info.plist */,
			);
			path = Resources;
			sourceTree = "<group>";
		};
		695D8ED928563974008B583A /* Preview Content */ = {
			isa = PBXGroup;
			children = (
			);
			path = "Preview Content";
			sourceTree = "<group>";
		};
/* End PBXGroup section */

/* Begin PBXNativeTarget section */
		695D8EA328562032008B583A /* MovieApp */ = {
			isa = PBXNativeTarget;
			buildConfigurationList = 695D8ECE28562034008B583A /* Build configuration list for PBXNativeTarget "MovieApp" */;
			buildPhases = (
				695D8EA028562032008B583A /* Sources */,
				695D8EA128562032008B583A /* Frameworks */,
				695D8EA228562032008B583A /* Resources */,
			);
			buildRules = (
			);
			dependencies = (
			);
			name = MovieApp;
			productName = MovieApp;
			productReference = 695D8EA428562032008B583A /* MovieApp.app */;
			productType = "com.apple.product-type.application";
		};
		695D8EB928562034008B583A /* MovieAppTests */ = {
			isa = PBXNativeTarget;
			buildConfigurationList = 695D8ED128562034008B583A /* Build configuration list for PBXNativeTarget "MovieAppTests" */;
			buildPhases = (
				695D8EB628562034008B583A /* Sources */,
				695D8EB728562034008B583A /* Frameworks */,
				695D8EB828562034008B583A /* Resources */,
			);
			buildRules = (
			);
			dependencies = (
				695D8EBC28562034008B583A /* PBXTargetDependency */,
			);
			name = MovieAppTests;
			productName = MovieAppTests;
			productReference = 695D8EBA28562034008B583A /* MovieAppTests.xctest */;
			productType = "com.apple.product-type.bundle.unit-test";
		};
		695D8EC328562034008B583A /* MovieAppUITests */ = {
			isa = PBXNativeTarget;
			buildConfigurationList = 695D8ED428562034008B583A /* Build configuration list for PBXNativeTarget "MovieAppUITests" */;
			buildPhases = (
				695D8EC028562034008B583A /* Sources */,
				695D8EC128562034008B583A /* Frameworks */,
				695D8EC228562034008B583A /* Resources */,
			);
			buildRules = (
			);
			dependencies = (
				695D8EC628562034008B583A /* PBXTargetDependency */,
			);
			name = MovieAppUITests;
			productName = MovieAppUITests;
			productReference = 695D8EC428562034008B583A /* MovieAppUITests.xctest */;
			productType = "com.apple.product-type.bundle.ui-testing";
		};
/* End PBXNativeTarget section */

/* Begin PBXProject section */
		695D8E9C28562032008B583A /* Project object */ = {
			isa = PBXProject;
			attributes = {
				BuildIndependentTargetsInParallel = 1;
				LastSwiftUpdateCheck = 1340;
				LastUpgradeCheck = 1340;
				TargetAttributes = {
					695D8EA328562032008B583A = {
						CreatedOnToolsVersion = 13.4.1;
					};
					695D8EB928562034008B583A = {
						CreatedOnToolsVersion = 13.4.1;
						TestTargetID = 695D8EA328562032008B583A;
					};
					695D8EC328562034008B583A = {
						CreatedOnToolsVersion = 13.4.1;
						TestTargetID = 695D8EA328562032008B583A;
					};
				};
			};
			buildConfigurationList = 695D8E9F28562032008B583A /* Build configuration list for PBXProject "MovieApp" */;
			compatibilityVersion = "Xcode 13.0";
			developmentRegion = en;
			hasScannedForEncodings = 0;
			knownRegions = (
				en,
				Base,
			);
			mainGroup = 695D8E9B28562032008B583A;
			productRefGroup = 695D8EA528562032008B583A /* Products */;
			projectDirPath = "";
			projectRoot = "";
			targets = (
				695D8EA328562032008B583A /* MovieApp */,
				695D8EB928562034008B583A /* MovieAppTests */,
				695D8EC328562034008B583A /* MovieAppUITests */,
			);
		};
/* End PBXProject section */

/* Begin PBXResourcesBuildPhase section */
		695D8EA228562032008B583A /* Resources */ = {
			isa = PBXResourcesBuildPhase;
			buildActionMask = 2147483647;
			files = (
				695D8EB428562034008B583A /* LaunchScreen.storyboard in Resources */,
				695D8EB128562034008B583A /* Assets.xcassets in Resources */,
				695D8EE028564387008B583A /* CollectionViewCell.xib in Resources */,
				695D8EAF28562032008B583A /* Main.storyboard in Resources */,
			);
			runOnlyForDeploymentPostprocessing = 0;
		};
		695D8EB828562034008B583A /* Resources */ = {
			isa = PBXResourcesBuildPhase;
			buildActionMask = 2147483647;
			files = (
			);
			runOnlyForDeploymentPostprocessing = 0;
		};
		695D8EC228562034008B583A /* Resources */ = {
			isa = PBXResourcesBuildPhase;
			buildActionMask = 2147483647;
			files = (
			);
			runOnlyForDeploymentPostprocessing = 0;
		};
/* End PBXResourcesBuildPhase section */

/* Begin PBXSourcesBuildPhase section */
		695D8EA028562032008B583A /* Sources */ = {
			isa = PBXSourcesBuildPhase;
			buildActionMask = 2147483647;
			files = (
				692F0927285A69DB00780F72 /* MoviesResponseDTO.swift in Sources */,
				695D8EDE285641C2008B583A /* CollectionViewController.swift in Sources */,
				695D8EAC28562032008B583A /* ViewController.swift in Sources */,
				695D8EA828562032008B583A /* AppDelegate.swift in Sources */,
				692F0937285A7DCB00780F72 /* NetworkService.swift in Sources */,
				695D8EAA28562032008B583A /* SceneDelegate.swift in Sources */,
			);
			runOnlyForDeploymentPostprocessing = 0;
		};
		695D8EB628562034008B583A /* Sources */ = {
			isa = PBXSourcesBuildPhase;
			buildActionMask = 2147483647;
			files = (
				695D8EBF28562034008B583A /* MovieAppTests.swift in Sources */,
				692F0935285A6F8C00780F72 /* MoviesResponseDTOTests.swift in Sources */,
				692F0939285A7DEB00780F72 /* NetworkServiceTests.swift in Sources */,
				692F0934285A6F2A00780F72 /* MoviesResponseDTOMock.json in Sources */,
			);
			runOnlyForDeploymentPostprocessing = 0;
		};
		695D8EC028562034008B583A /* Sources */ = {
			isa = PBXSourcesBuildPhase;
			buildActionMask = 2147483647;
			files = (
				695D8ECB28562034008B583A /* MovieAppUITestsLaunchTests.swift in Sources */,
				695D8EC928562034008B583A /* MovieAppUITests.swift in Sources */,
			);
			runOnlyForDeploymentPostprocessing = 0;
		};
/* End PBXSourcesBuildPhase section */

/* Begin PBXTargetDependency section */
		695D8EBC28562034008B583A /* PBXTargetDependency */ = {
			isa = PBXTargetDependency;
			target = 695D8EA328562032008B583A /* MovieApp */;
			targetProxy = 695D8EBB28562034008B583A /* PBXContainerItemProxy */;
		};
		695D8EC628562034008B583A /* PBXTargetDependency */ = {
			isa = PBXTargetDependency;
			target = 695D8EA328562032008B583A /* MovieApp */;
			targetProxy = 695D8EC528562034008B583A /* PBXContainerItemProxy */;
		};
/* End PBXTargetDependency section */

/* Begin PBXVariantGroup section */
		695D8EAD28562032008B583A /* Main.storyboard */ = {
			isa = PBXVariantGroup;
			children = (
				695D8EAE28562032008B583A /* Base */,
			);
			name = Main.storyboard;
			sourceTree = "<group>";
		};
		695D8EB228562034008B583A /* LaunchScreen.storyboard */ = {
			isa = PBXVariantGroup;
			children = (
				695D8EB328562034008B583A /* Base */,
			);
			name = LaunchScreen.storyboard;
			sourceTree = "<group>";
		};
/* End PBXVariantGroup section */

/* Begin XCBuildConfiguration section */
		695D8ECC28562034008B583A /* Debug */ = {
			isa = XCBuildConfiguration;
			buildSettings = {
				ALWAYS_SEARCH_USER_PATHS = NO;
				CLANG_ANALYZER_NONNULL = YES;
				CLANG_ANALYZER_NUMBER_OBJECT_CONVERSION = YES_AGGRESSIVE;
				CLANG_CXX_LANGUAGE_STANDARD = "gnu++17";
				CLANG_ENABLE_MODULES = YES;
				CLANG_ENABLE_OBJC_ARC = YES;
				CLANG_ENABLE_OBJC_WEAK = YES;
				CLANG_WARN_BLOCK_CAPTURE_AUTORELEASING = YES;
				CLANG_WARN_BOOL_CONVERSION = YES;
				CLANG_WARN_COMMA = YES;
				CLANG_WARN_CONSTANT_CONVERSION = YES;
				CLANG_WARN_DEPRECATED_OBJC_IMPLEMENTATIONS = YES;
				CLANG_WARN_DIRECT_OBJC_ISA_USAGE = YES_ERROR;
				CLANG_WARN_DOCUMENTATION_COMMENTS = YES;
				CLANG_WARN_EMPTY_BODY = YES;
				CLANG_WARN_ENUM_CONVERSION = YES;
				CLANG_WARN_INFINITE_RECURSION = YES;
				CLANG_WARN_INT_CONVERSION = YES;
				CLANG_WARN_NON_LITERAL_NULL_CONVERSION = YES;
				CLANG_WARN_OBJC_IMPLICIT_RETAIN_SELF = YES;
				CLANG_WARN_OBJC_LITERAL_CONVERSION = YES;
				CLANG_WARN_OBJC_ROOT_CLASS = YES_ERROR;
				CLANG_WARN_QUOTED_INCLUDE_IN_FRAMEWORK_HEADER = YES;
				CLANG_WARN_RANGE_LOOP_ANALYSIS = YES;
				CLANG_WARN_STRICT_PROTOTYPES = YES;
				CLANG_WARN_SUSPICIOUS_MOVE = YES;
				CLANG_WARN_UNGUARDED_AVAILABILITY = YES_AGGRESSIVE;
				CLANG_WARN_UNREACHABLE_CODE = YES;
				CLANG_WARN__DUPLICATE_METHOD_MATCH = YES;
				COPY_PHASE_STRIP = NO;
				DEBUG_INFORMATION_FORMAT = dwarf;
				ENABLE_STRICT_OBJC_MSGSEND = YES;
				ENABLE_TESTABILITY = YES;
				GCC_C_LANGUAGE_STANDARD = gnu11;
				GCC_DYNAMIC_NO_PIC = NO;
				GCC_NO_COMMON_BLOCKS = YES;
				GCC_OPTIMIZATION_LEVEL = 0;
				GCC_PREPROCESSOR_DEFINITIONS = (
					"DEBUG=1",
					"$(inherited)",
				);
				GCC_WARN_64_TO_32_BIT_CONVERSION = YES;
				GCC_WARN_ABOUT_RETURN_TYPE = YES_ERROR;
				GCC_WARN_UNDECLARED_SELECTOR = YES;
				GCC_WARN_UNINITIALIZED_AUTOS = YES_AGGRESSIVE;
				GCC_WARN_UNUSED_FUNCTION = YES;
				GCC_WARN_UNUSED_VARIABLE = YES;
				IPHONEOS_DEPLOYMENT_TARGET = 15.5;
				MTL_ENABLE_DEBUG_INFO = INCLUDE_SOURCE;
				MTL_FAST_MATH = YES;
				ONLY_ACTIVE_ARCH = YES;
				SDKROOT = iphoneos;
				SWIFT_ACTIVE_COMPILATION_CONDITIONS = DEBUG;
				SWIFT_OPTIMIZATION_LEVEL = "-Onone";
			};
			name = Debug;
		};
		695D8ECD28562034008B583A /* Release */ = {
			isa = XCBuildConfiguration;
			buildSettings = {
				ALWAYS_SEARCH_USER_PATHS = NO;
				CLANG_ANALYZER_NONNULL = YES;
				CLANG_ANALYZER_NUMBER_OBJECT_CONVERSION = YES_AGGRESSIVE;
				CLANG_CXX_LANGUAGE_STANDARD = "gnu++17";
				CLANG_ENABLE_MODULES = YES;
				CLANG_ENABLE_OBJC_ARC = YES;
				CLANG_ENABLE_OBJC_WEAK = YES;
				CLANG_WARN_BLOCK_CAPTURE_AUTORELEASING = YES;
				CLANG_WARN_BOOL_CONVERSION = YES;
				CLANG_WARN_COMMA = YES;
				CLANG_WARN_CONSTANT_CONVERSION = YES;
				CLANG_WARN_DEPRECATED_OBJC_IMPLEMENTATIONS = YES;
				CLANG_WARN_DIRECT_OBJC_ISA_USAGE = YES_ERROR;
				CLANG_WARN_DOCUMENTATION_COMMENTS = YES;
				CLANG_WARN_EMPTY_BODY = YES;
				CLANG_WARN_ENUM_CONVERSION = YES;
				CLANG_WARN_INFINITE_RECURSION = YES;
				CLANG_WARN_INT_CONVERSION = YES;
				CLANG_WARN_NON_LITERAL_NULL_CONVERSION = YES;
				CLANG_WARN_OBJC_IMPLICIT_RETAIN_SELF = YES;
				CLANG_WARN_OBJC_LITERAL_CONVERSION = YES;
				CLANG_WARN_OBJC_ROOT_CLASS = YES_ERROR;
				CLANG_WARN_QUOTED_INCLUDE_IN_FRAMEWORK_HEADER = YES;
				CLANG_WARN_RANGE_LOOP_ANALYSIS = YES;
				CLANG_WARN_STRICT_PROTOTYPES = YES;
				CLANG_WARN_SUSPICIOUS_MOVE = YES;
				CLANG_WARN_UNGUARDED_AVAILABILITY = YES_AGGRESSIVE;
				CLANG_WARN_UNREACHABLE_CODE = YES;
				CLANG_WARN__DUPLICATE_METHOD_MATCH = YES;
				COPY_PHASE_STRIP = NO;
				DEBUG_INFORMATION_FORMAT = "dwarf-with-dsym";
				ENABLE_NS_ASSERTIONS = NO;
				ENABLE_STRICT_OBJC_MSGSEND = YES;
				GCC_C_LANGUAGE_STANDARD = gnu11;
				GCC_NO_COMMON_BLOCKS = YES;
				GCC_WARN_64_TO_32_BIT_CONVERSION = YES;
				GCC_WARN_ABOUT_RETURN_TYPE = YES_ERROR;
				GCC_WARN_UNDECLARED_SELECTOR = YES;
				GCC_WARN_UNINITIALIZED_AUTOS = YES_AGGRESSIVE;
				GCC_WARN_UNUSED_FUNCTION = YES;
				GCC_WARN_UNUSED_VARIABLE = YES;
				IPHONEOS_DEPLOYMENT_TARGET = 15.5;
				MTL_ENABLE_DEBUG_INFO = NO;
				MTL_FAST_MATH = YES;
				SDKROOT = iphoneos;
				SWIFT_COMPILATION_MODE = wholemodule;
				SWIFT_OPTIMIZATION_LEVEL = "-O";
				VALIDATE_PRODUCT = YES;
			};
			name = Release;
		};
		695D8ECF28562034008B583A /* Debug */ = {
			isa = XCBuildConfiguration;
			buildSettings = {
				ASSETCATALOG_COMPILER_APPICON_NAME = AppIcon;
				ASSETCATALOG_COMPILER_GLOBAL_ACCENT_COLOR_NAME = AccentColor;
				CODE_SIGN_STYLE = Automatic;
				CURRENT_PROJECT_VERSION = 1;
				DEVELOPMENT_TEAM = VNRW7375YF;
				GENERATE_INFOPLIST_FILE = YES;
				INFOPLIST_FILE = "MovieApp//Resources/Info.plist";
				INFOPLIST_KEY_UIApplicationSupportsIndirectInputEvents = YES;
				INFOPLIST_KEY_UILaunchStoryboardName = LaunchScreen;
				INFOPLIST_KEY_UIMainStoryboardFile = Main;
				INFOPLIST_KEY_UISupportedInterfaceOrientations_iPad = "UIInterfaceOrientationPortrait UIInterfaceOrientationPortraitUpsideDown UIInterfaceOrientationLandscapeLeft UIInterfaceOrientationLandscapeRight";
				INFOPLIST_KEY_UISupportedInterfaceOrientations_iPhone = "UIInterfaceOrientationPortrait UIInterfaceOrientationLandscapeLeft UIInterfaceOrientationLandscapeRight";
				LD_RUNPATH_SEARCH_PATHS = (
					"$(inherited)",
					"@executable_path/Frameworks",
				);
				MARKETING_VERSION = 1.0;
				PRODUCT_BUNDLE_IDENTIFIER = com.paulrobertwillis.MovieApp;
				PRODUCT_NAME = "$(TARGET_NAME)";
				SWIFT_EMIT_LOC_STRINGS = YES;
				SWIFT_VERSION = 5.0;
				TARGETED_DEVICE_FAMILY = "1,2";
			};
			name = Debug;
		};
		695D8ED028562034008B583A /* Release */ = {
			isa = XCBuildConfiguration;
			buildSettings = {
				ASSETCATALOG_COMPILER_APPICON_NAME = AppIcon;
				ASSETCATALOG_COMPILER_GLOBAL_ACCENT_COLOR_NAME = AccentColor;
				CODE_SIGN_STYLE = Automatic;
				CURRENT_PROJECT_VERSION = 1;
				DEVELOPMENT_TEAM = VNRW7375YF;
				GENERATE_INFOPLIST_FILE = YES;
				INFOPLIST_FILE = "MovieApp//Resources/Info.plist";
				INFOPLIST_KEY_UIApplicationSupportsIndirectInputEvents = YES;
				INFOPLIST_KEY_UILaunchStoryboardName = LaunchScreen;
				INFOPLIST_KEY_UIMainStoryboardFile = Main;
				INFOPLIST_KEY_UISupportedInterfaceOrientations_iPad = "UIInterfaceOrientationPortrait UIInterfaceOrientationPortraitUpsideDown UIInterfaceOrientationLandscapeLeft UIInterfaceOrientationLandscapeRight";
				INFOPLIST_KEY_UISupportedInterfaceOrientations_iPhone = "UIInterfaceOrientationPortrait UIInterfaceOrientationLandscapeLeft UIInterfaceOrientationLandscapeRight";
				LD_RUNPATH_SEARCH_PATHS = (
					"$(inherited)",
					"@executable_path/Frameworks",
				);
				MARKETING_VERSION = 1.0;
				PRODUCT_BUNDLE_IDENTIFIER = com.paulrobertwillis.MovieApp;
				PRODUCT_NAME = "$(TARGET_NAME)";
				SWIFT_EMIT_LOC_STRINGS = YES;
				SWIFT_VERSION = 5.0;
				TARGETED_DEVICE_FAMILY = "1,2";
			};
			name = Release;
		};
		695D8ED228562034008B583A /* Debug */ = {
			isa = XCBuildConfiguration;
			buildSettings = {
				ALWAYS_EMBED_SWIFT_STANDARD_LIBRARIES = YES;
				BUNDLE_LOADER = "$(TEST_HOST)";
				CODE_SIGN_STYLE = Automatic;
				CURRENT_PROJECT_VERSION = 1;
				DEVELOPMENT_TEAM = VNRW7375YF;
				GENERATE_INFOPLIST_FILE = YES;
				IPHONEOS_DEPLOYMENT_TARGET = 15.5;
				MARKETING_VERSION = 1.0;
				PRODUCT_BUNDLE_IDENTIFIER = com.paulrobertwillis.MovieAppTests;
				PRODUCT_NAME = "$(TARGET_NAME)";
				SWIFT_EMIT_LOC_STRINGS = NO;
				SWIFT_VERSION = 5.0;
				TARGETED_DEVICE_FAMILY = "1,2";
				TEST_HOST = "$(BUILT_PRODUCTS_DIR)/MovieApp.app/MovieApp";
			};
			name = Debug;
		};
		695D8ED328562034008B583A /* Release */ = {
			isa = XCBuildConfiguration;
			buildSettings = {
				ALWAYS_EMBED_SWIFT_STANDARD_LIBRARIES = YES;
				BUNDLE_LOADER = "$(TEST_HOST)";
				CODE_SIGN_STYLE = Automatic;
				CURRENT_PROJECT_VERSION = 1;
				DEVELOPMENT_TEAM = VNRW7375YF;
				GENERATE_INFOPLIST_FILE = YES;
				IPHONEOS_DEPLOYMENT_TARGET = 15.5;
				MARKETING_VERSION = 1.0;
				PRODUCT_BUNDLE_IDENTIFIER = com.paulrobertwillis.MovieAppTests;
				PRODUCT_NAME = "$(TARGET_NAME)";
				SWIFT_EMIT_LOC_STRINGS = NO;
				SWIFT_VERSION = 5.0;
				TARGETED_DEVICE_FAMILY = "1,2";
				TEST_HOST = "$(BUILT_PRODUCTS_DIR)/MovieApp.app/MovieApp";
			};
			name = Release;
		};
		695D8ED528562034008B583A /* Debug */ = {
			isa = XCBuildConfiguration;
			buildSettings = {
				ALWAYS_EMBED_SWIFT_STANDARD_LIBRARIES = YES;
				CODE_SIGN_STYLE = Automatic;
				CURRENT_PROJECT_VERSION = 1;
				DEVELOPMENT_TEAM = VNRW7375YF;
				GENERATE_INFOPLIST_FILE = YES;
				MARKETING_VERSION = 1.0;
				PRODUCT_BUNDLE_IDENTIFIER = com.paulrobertwillis.MovieAppUITests;
				PRODUCT_NAME = "$(TARGET_NAME)";
				SWIFT_EMIT_LOC_STRINGS = NO;
				SWIFT_VERSION = 5.0;
				TARGETED_DEVICE_FAMILY = "1,2";
				TEST_TARGET_NAME = MovieApp;
			};
			name = Debug;
		};
		695D8ED628562034008B583A /* Release */ = {
			isa = XCBuildConfiguration;
			buildSettings = {
				ALWAYS_EMBED_SWIFT_STANDARD_LIBRARIES = YES;
				CODE_SIGN_STYLE = Automatic;
				CURRENT_PROJECT_VERSION = 1;
				DEVELOPMENT_TEAM = VNRW7375YF;
				GENERATE_INFOPLIST_FILE = YES;
				MARKETING_VERSION = 1.0;
				PRODUCT_BUNDLE_IDENTIFIER = com.paulrobertwillis.MovieAppUITests;
				PRODUCT_NAME = "$(TARGET_NAME)";
				SWIFT_EMIT_LOC_STRINGS = NO;
				SWIFT_VERSION = 5.0;
				TARGETED_DEVICE_FAMILY = "1,2";
				TEST_TARGET_NAME = MovieApp;
			};
			name = Release;
		};
/* End XCBuildConfiguration section */

/* Begin XCConfigurationList section */
		695D8E9F28562032008B583A /* Build configuration list for PBXProject "MovieApp" */ = {
			isa = XCConfigurationList;
			buildConfigurations = (
				695D8ECC28562034008B583A /* Debug */,
				695D8ECD28562034008B583A /* Release */,
			);
			defaultConfigurationIsVisible = 0;
			defaultConfigurationName = Release;
		};
		695D8ECE28562034008B583A /* Build configuration list for PBXNativeTarget "MovieApp" */ = {
			isa = XCConfigurationList;
			buildConfigurations = (
				695D8ECF28562034008B583A /* Debug */,
				695D8ED028562034008B583A /* Release */,
			);
			defaultConfigurationIsVisible = 0;
			defaultConfigurationName = Release;
		};
		695D8ED128562034008B583A /* Build configuration list for PBXNativeTarget "MovieAppTests" */ = {
			isa = XCConfigurationList;
			buildConfigurations = (
				695D8ED228562034008B583A /* Debug */,
				695D8ED328562034008B583A /* Release */,
			);
			defaultConfigurationIsVisible = 0;
			defaultConfigurationName = Release;
		};
		695D8ED428562034008B583A /* Build configuration list for PBXNativeTarget "MovieAppUITests" */ = {
			isa = XCConfigurationList;
			buildConfigurations = (
				695D8ED528562034008B583A /* Debug */,
				695D8ED628562034008B583A /* Release */,
			);
			defaultConfigurationIsVisible = 0;
			defaultConfigurationName = Release;
		};
/* End XCConfigurationList section */
	};
	rootObject = 695D8E9C28562032008B583A /* Project object */;
}
