// !$*UTF8*$!
{
	archiveVersion = 1;
	classes = {
	};
	objectVersion = 55;
	objects = {

/* Begin PBXBuildFile section */
		692F0927285A69DB00780F72 /* MoviesResponseDTO+Mapping.swift in Sources */ = {isa = PBXBuildFile; fileRef = 692F0926285A69DB00780F72 /* MoviesResponseDTO+Mapping.swift */; };
		692F0934285A6F2A00780F72 /* MoviesResponseDTOMock.json in Sources */ = {isa = PBXBuildFile; fileRef = 692F0933285A6F2A00780F72 /* MoviesResponseDTOMock.json */; };
		692F0935285A6F8C00780F72 /* MoviesResponseDTOTests.swift in Sources */ = {isa = PBXBuildFile; fileRef = 692F092B285A6D5E00780F72 /* MoviesResponseDTOTests.swift */; };
		692F0937285A7DCB00780F72 /* NetworkService.swift in Sources */ = {isa = PBXBuildFile; fileRef = 692F0936285A7DCB00780F72 /* NetworkService.swift */; };
		692F0939285A7DEB00780F72 /* NetworkServiceTests.swift in Sources */ = {isa = PBXBuildFile; fileRef = 692F0938285A7DEB00780F72 /* NetworkServiceTests.swift */; };
		695D8EA828562032008B583A /* AppDelegate.swift in Sources */ = {isa = PBXBuildFile; fileRef = 695D8EA728562032008B583A /* AppDelegate.swift */; };
		695D8EAA28562032008B583A /* SceneDelegate.swift in Sources */ = {isa = PBXBuildFile; fileRef = 695D8EA928562032008B583A /* SceneDelegate.swift */; };
		695D8EAC28562032008B583A /* ViewController.swift in Sources */ = {isa = PBXBuildFile; fileRef = 695D8EAB28562032008B583A /* ViewController.swift */; };
		695D8EAF28562032008B583A /* Main.storyboard in Resources */ = {isa = PBXBuildFile; fileRef = 695D8EAD28562032008B583A /* Main.storyboard */; };
		695D8EB128562034008B583A /* Assets.xcassets in Resources */ = {isa = PBXBuildFile; fileRef = 695D8EB028562034008B583A /* Assets.xcassets */; };
		695D8EB428562034008B583A /* LaunchScreen.storyboard in Resources */ = {isa = PBXBuildFile; fileRef = 695D8EB228562034008B583A /* LaunchScreen.storyboard */; };
		695D8EBF28562034008B583A /* MovieAppTests.swift in Sources */ = {isa = PBXBuildFile; fileRef = 695D8EBE28562034008B583A /* MovieAppTests.swift */; };
		695D8EDE285641C2008B583A /* CollectionViewController.swift in Sources */ = {isa = PBXBuildFile; fileRef = 695D8EDD285641C2008B583A /* CollectionViewController.swift */; };
		695D8EE028564387008B583A /* CollectionViewCell.xib in Resources */ = {isa = PBXBuildFile; fileRef = 695D8EDF28564387008B583A /* CollectionViewCell.xib */; };
		6964BA2B2869EAD600844047 /* GetTopRatedMoviesUseCase.swift in Sources */ = {isa = PBXBuildFile; fileRef = 6964BA2A2869EAD600844047 /* GetTopRatedMoviesUseCase.swift */; };
		6964BA2D2869EAE400844047 /* GetTopRatedMoviesUseCaseTests.swift in Sources */ = {isa = PBXBuildFile; fileRef = 6964BA2C2869EAE400844047 /* GetTopRatedMoviesUseCaseTests.swift */; };
		6964BA2F2869EC3100844047 /* GenresRepositoryProtocol.swift in Sources */ = {isa = PBXBuildFile; fileRef = 6964BA2E2869EC3100844047 /* GenresRepositoryProtocol.swift */; };
		6964BA312869EC5F00844047 /* Genre.swift in Sources */ = {isa = PBXBuildFile; fileRef = 6964BA302869EC5F00844047 /* Genre.swift */; };
		6964BA33286A0AB800844047 /* GenresRepositoryTests.swift in Sources */ = {isa = PBXBuildFile; fileRef = 6964BA32286A0AB800844047 /* GenresRepositoryTests.swift */; };
		6964BA35286A0AE900844047 /* GenresRepository.swift in Sources */ = {isa = PBXBuildFile; fileRef = 6964BA34286A0AE900844047 /* GenresRepository.swift */; };
		69AD7318286DFA96009C5F3E /* GenresResponseDTO+Mapping.swift in Sources */ = {isa = PBXBuildFile; fileRef = 69AD7317286DFA96009C5F3E /* GenresResponseDTO+Mapping.swift */; };
		69AD731A286E02A4009C5F3E /* DataTransferService.swift in Sources */ = {isa = PBXBuildFile; fileRef = 69AD7319286E02A4009C5F3E /* DataTransferService.swift */; };
		69AD731C286E02C1009C5F3E /* DataTransferServiceTests.swift in Sources */ = {isa = PBXBuildFile; fileRef = 69AD731B286E02C1009C5F3E /* DataTransferServiceTests.swift */; };
		69AD731E286F1B58009C5F3E /* GenresRepositoryMock.swift in Sources */ = {isa = PBXBuildFile; fileRef = 69AD731D286F1B58009C5F3E /* GenresRepositoryMock.swift */; };
		69AD7320286F1B8C009C5F3E /* DataTransferServiceMock.swift in Sources */ = {isa = PBXBuildFile; fileRef = 69AD731F286F1B8C009C5F3E /* DataTransferServiceMock.swift */; };
		69AD7322286F1BB3009C5F3E /* NetworkRequestPerformerMock.swift in Sources */ = {isa = PBXBuildFile; fileRef = 69AD7321286F1BB3009C5F3E /* NetworkRequestPerformerMock.swift */; };
		69AD7324286F1BD4009C5F3E /* MoviesRepositoryMock.swift in Sources */ = {isa = PBXBuildFile; fileRef = 69AD7323286F1BD4009C5F3E /* MoviesRepositoryMock.swift */; };
		69AD7327286F3723009C5F3E /* TMDBResponseMocks.swift in Sources */ = {isa = PBXBuildFile; fileRef = 69AD7326286F3723009C5F3E /* TMDBResponseMocks.swift */; };
		69D844182861E09F00A651F1 /* Movie.swift in Sources */ = {isa = PBXBuildFile; fileRef = 69D844172861E09F00A651F1 /* Movie.swift */; };
		69D8441D2862052100A651F1 /* AppConfiguration.swift in Sources */ = {isa = PBXBuildFile; fileRef = 69D8441C2862052100A651F1 /* AppConfiguration.swift */; };
		69D8441F2862158100A651F1 /* TMDBConfigurationResponseDTO+Mapping.swift in Sources */ = {isa = PBXBuildFile; fileRef = 69D8441E2862158100A651F1 /* TMDBConfigurationResponseDTO+Mapping.swift */; };
		69D8442228621E4400A651F1 /* GetMovieGenresUseCase.swift in Sources */ = {isa = PBXBuildFile; fileRef = 69D8442128621E4400A651F1 /* GetMovieGenresUseCase.swift */; };
		69D8442628621EAA00A651F1 /* GetMovieGenresUseCaseTests.swift in Sources */ = {isa = PBXBuildFile; fileRef = 69D8442528621EAA00A651F1 /* GetMovieGenresUseCaseTests.swift */; };
		69D844292863188400A651F1 /* MoviesRepositoryProtocol.swift in Sources */ = {isa = PBXBuildFile; fileRef = 69D844282863188400A651F1 /* MoviesRepositoryProtocol.swift */; };
		69F6239328763B590059307F /* ResponseDecoder.swift in Sources */ = {isa = PBXBuildFile; fileRef = 69F6239228763B590059307F /* ResponseDecoder.swift */; };
		69F6239528763E100059307F /* ResponseDecoderTests.swift in Sources */ = {isa = PBXBuildFile; fileRef = 69F6239428763E100059307F /* ResponseDecoderTests.swift */; };
		69F62397287646470059307F /* DataTransferLoggerMock.swift in Sources */ = {isa = PBXBuildFile; fileRef = 69F62396287646470059307F /* DataTransferLoggerMock.swift */; };
		69F62399287648DA0059307F /* DataTransferLogger.swift in Sources */ = {isa = PBXBuildFile; fileRef = 69F62398287648DA0059307F /* DataTransferLogger.swift */; };
		69F6239B287649990059307F /* DataTransferLoggerTests.swift in Sources */ = {isa = PBXBuildFile; fileRef = 69F6239A287649980059307F /* DataTransferLoggerTests.swift */; };
		69F83F06286CADF7001A5FAF /* NetworkServiceMock.swift in Sources */ = {isa = PBXBuildFile; fileRef = 69F83F05286CADF7001A5FAF /* NetworkServiceMock.swift */; };
/* End PBXBuildFile section */

/* Begin PBXContainerItemProxy section */
		695D8EBB28562034008B583A /* PBXContainerItemProxy */ = {
			isa = PBXContainerItemProxy;
			containerPortal = 695D8E9C28562032008B583A /* Project object */;
			proxyType = 1;
			remoteGlobalIDString = 695D8EA328562032008B583A;
			remoteInfo = MovieApp;
		};
/* End PBXContainerItemProxy section */

/* Begin PBXFileReference section */
		692F0926285A69DB00780F72 /* MoviesResponseDTO+Mapping.swift */ = {isa = PBXFileReference; lastKnownFileType = sourcecode.swift; path = "MoviesResponseDTO+Mapping.swift"; sourceTree = "<group>"; };
		692F092B285A6D5E00780F72 /* MoviesResponseDTOTests.swift */ = {isa = PBXFileReference; lastKnownFileType = sourcecode.swift; path = MoviesResponseDTOTests.swift; sourceTree = "<group>"; };
		692F0933285A6F2A00780F72 /* MoviesResponseDTOMock.json */ = {isa = PBXFileReference; lastKnownFileType = text.json; path = MoviesResponseDTOMock.json; sourceTree = "<group>"; };
		692F0936285A7DCB00780F72 /* NetworkService.swift */ = {isa = PBXFileReference; lastKnownFileType = sourcecode.swift; path = NetworkService.swift; sourceTree = "<group>"; };
		692F0938285A7DEB00780F72 /* NetworkServiceTests.swift */ = {isa = PBXFileReference; lastKnownFileType = sourcecode.swift; path = NetworkServiceTests.swift; sourceTree = "<group>"; };
		695D8EA428562032008B583A /* MovieApp.app */ = {isa = PBXFileReference; explicitFileType = wrapper.application; includeInIndex = 0; path = MovieApp.app; sourceTree = BUILT_PRODUCTS_DIR; };
		695D8EA728562032008B583A /* AppDelegate.swift */ = {isa = PBXFileReference; lastKnownFileType = sourcecode.swift; path = AppDelegate.swift; sourceTree = "<group>"; };
		695D8EA928562032008B583A /* SceneDelegate.swift */ = {isa = PBXFileReference; lastKnownFileType = sourcecode.swift; path = SceneDelegate.swift; sourceTree = "<group>"; };
		695D8EAB28562032008B583A /* ViewController.swift */ = {isa = PBXFileReference; lastKnownFileType = sourcecode.swift; path = ViewController.swift; sourceTree = "<group>"; };
		695D8EAE28562032008B583A /* Base */ = {isa = PBXFileReference; lastKnownFileType = file.storyboard; name = Base; path = Base.lproj/Main.storyboard; sourceTree = "<group>"; };
		695D8EB028562034008B583A /* Assets.xcassets */ = {isa = PBXFileReference; lastKnownFileType = folder.assetcatalog; path = Assets.xcassets; sourceTree = "<group>"; };
		695D8EB328562034008B583A /* Base */ = {isa = PBXFileReference; lastKnownFileType = file.storyboard; name = Base; path = Base.lproj/LaunchScreen.storyboard; sourceTree = "<group>"; };
		695D8EB528562034008B583A /* Info.plist */ = {isa = PBXFileReference; lastKnownFileType = text.plist.xml; path = Info.plist; sourceTree = "<group>"; };
		695D8EBA28562034008B583A /* MovieAppTests.xctest */ = {isa = PBXFileReference; explicitFileType = wrapper.cfbundle; includeInIndex = 0; path = MovieAppTests.xctest; sourceTree = BUILT_PRODUCTS_DIR; };
		695D8EBE28562034008B583A /* MovieAppTests.swift */ = {isa = PBXFileReference; lastKnownFileType = sourcecode.swift; path = MovieAppTests.swift; sourceTree = "<group>"; };
		695D8EDD285641C2008B583A /* CollectionViewController.swift */ = {isa = PBXFileReference; lastKnownFileType = sourcecode.swift; path = CollectionViewController.swift; sourceTree = "<group>"; };
		695D8EDF28564387008B583A /* CollectionViewCell.xib */ = {isa = PBXFileReference; lastKnownFileType = file.xib; path = CollectionViewCell.xib; sourceTree = "<group>"; };
		6964BA2A2869EAD600844047 /* GetTopRatedMoviesUseCase.swift */ = {isa = PBXFileReference; lastKnownFileType = sourcecode.swift; path = GetTopRatedMoviesUseCase.swift; sourceTree = "<group>"; };
		6964BA2C2869EAE400844047 /* GetTopRatedMoviesUseCaseTests.swift */ = {isa = PBXFileReference; lastKnownFileType = sourcecode.swift; path = GetTopRatedMoviesUseCaseTests.swift; sourceTree = "<group>"; };
		6964BA2E2869EC3100844047 /* GenresRepositoryProtocol.swift */ = {isa = PBXFileReference; lastKnownFileType = sourcecode.swift; path = GenresRepositoryProtocol.swift; sourceTree = "<group>"; };
		6964BA302869EC5F00844047 /* Genre.swift */ = {isa = PBXFileReference; lastKnownFileType = sourcecode.swift; path = Genre.swift; sourceTree = "<group>"; };
		6964BA32286A0AB800844047 /* GenresRepositoryTests.swift */ = {isa = PBXFileReference; lastKnownFileType = sourcecode.swift; path = GenresRepositoryTests.swift; sourceTree = "<group>"; };
		6964BA34286A0AE900844047 /* GenresRepository.swift */ = {isa = PBXFileReference; lastKnownFileType = sourcecode.swift; path = GenresRepository.swift; sourceTree = "<group>"; };
		69AD7317286DFA96009C5F3E /* GenresResponseDTO+Mapping.swift */ = {isa = PBXFileReference; lastKnownFileType = sourcecode.swift; path = "GenresResponseDTO+Mapping.swift"; sourceTree = "<group>"; };
		69AD7319286E02A4009C5F3E /* DataTransferService.swift */ = {isa = PBXFileReference; lastKnownFileType = sourcecode.swift; path = DataTransferService.swift; sourceTree = "<group>"; };
		69AD731B286E02C1009C5F3E /* DataTransferServiceTests.swift */ = {isa = PBXFileReference; lastKnownFileType = sourcecode.swift; path = DataTransferServiceTests.swift; sourceTree = "<group>"; };
		69AD731D286F1B58009C5F3E /* GenresRepositoryMock.swift */ = {isa = PBXFileReference; lastKnownFileType = sourcecode.swift; path = GenresRepositoryMock.swift; sourceTree = "<group>"; };
		69AD731F286F1B8C009C5F3E /* DataTransferServiceMock.swift */ = {isa = PBXFileReference; lastKnownFileType = sourcecode.swift; path = DataTransferServiceMock.swift; sourceTree = "<group>"; };
		69AD7321286F1BB3009C5F3E /* NetworkRequestPerformerMock.swift */ = {isa = PBXFileReference; lastKnownFileType = sourcecode.swift; path = NetworkRequestPerformerMock.swift; sourceTree = "<group>"; };
		69AD7323286F1BD4009C5F3E /* MoviesRepositoryMock.swift */ = {isa = PBXFileReference; lastKnownFileType = sourcecode.swift; path = MoviesRepositoryMock.swift; sourceTree = "<group>"; };
		69AD7326286F3723009C5F3E /* TMDBResponseMocks.swift */ = {isa = PBXFileReference; lastKnownFileType = sourcecode.swift; path = TMDBResponseMocks.swift; sourceTree = "<group>"; };
		69D844172861E09F00A651F1 /* Movie.swift */ = {isa = PBXFileReference; lastKnownFileType = sourcecode.swift; path = Movie.swift; sourceTree = "<group>"; };
		69D8441C2862052100A651F1 /* AppConfiguration.swift */ = {isa = PBXFileReference; lastKnownFileType = sourcecode.swift; path = AppConfiguration.swift; sourceTree = "<group>"; };
		69D8441E2862158100A651F1 /* TMDBConfigurationResponseDTO+Mapping.swift */ = {isa = PBXFileReference; lastKnownFileType = sourcecode.swift; path = "TMDBConfigurationResponseDTO+Mapping.swift"; sourceTree = "<group>"; };
		69D8442128621E4400A651F1 /* GetMovieGenresUseCase.swift */ = {isa = PBXFileReference; lastKnownFileType = sourcecode.swift; path = GetMovieGenresUseCase.swift; sourceTree = "<group>"; };
		69D8442528621EAA00A651F1 /* GetMovieGenresUseCaseTests.swift */ = {isa = PBXFileReference; lastKnownFileType = sourcecode.swift; path = GetMovieGenresUseCaseTests.swift; sourceTree = "<group>"; };
		69D844282863188400A651F1 /* MoviesRepositoryProtocol.swift */ = {isa = PBXFileReference; lastKnownFileType = sourcecode.swift; path = MoviesRepositoryProtocol.swift; sourceTree = "<group>"; };
		69F6239228763B590059307F /* ResponseDecoder.swift */ = {isa = PBXFileReference; fileEncoding = 4; lastKnownFileType = sourcecode.swift; path = ResponseDecoder.swift; sourceTree = "<group>"; };
		69F6239428763E100059307F /* ResponseDecoderTests.swift */ = {isa = PBXFileReference; fileEncoding = 4; lastKnownFileType = sourcecode.swift; path = ResponseDecoderTests.swift; sourceTree = "<group>"; };
		69F62396287646470059307F /* DataTransferLoggerMock.swift */ = {isa = PBXFileReference; lastKnownFileType = sourcecode.swift; path = DataTransferLoggerMock.swift; sourceTree = "<group>"; };
		69F62398287648DA0059307F /* DataTransferLogger.swift */ = {isa = PBXFileReference; lastKnownFileType = sourcecode.swift; path = DataTransferLogger.swift; sourceTree = "<group>"; };
		69F6239A287649980059307F /* DataTransferLoggerTests.swift */ = {isa = PBXFileReference; lastKnownFileType = sourcecode.swift; path = DataTransferLoggerTests.swift; sourceTree = "<group>"; };
		69F83F05286CADF7001A5FAF /* NetworkServiceMock.swift */ = {isa = PBXFileReference; lastKnownFileType = sourcecode.swift; path = NetworkServiceMock.swift; sourceTree = "<group>"; };
/* End PBXFileReference section */

/* Begin PBXFrameworksBuildPhase section */
		695D8EA128562032008B583A /* Frameworks */ = {
			isa = PBXFrameworksBuildPhase;
			buildActionMask = 2147483647;
			files = (
			);
			runOnlyForDeploymentPostprocessing = 0;
		};
		695D8EB728562034008B583A /* Frameworks */ = {
			isa = PBXFrameworksBuildPhase;
			buildActionMask = 2147483647;
			files = (
			);
			runOnlyForDeploymentPostprocessing = 0;
		};
/* End PBXFrameworksBuildPhase section */

/* Begin PBXGroup section */
		692F091F285A687600780F72 /* Presentation */ = {
			isa = PBXGroup;
			children = (
			);
			path = Presentation;
			sourceTree = "<group>";
		};
		692F0920285A687D00780F72 /* Domain */ = {
			isa = PBXGroup;
			children = (
				692F0922285A697900780F72 /* Entities */,
				69D844192861E52900A651F1 /* Use Cases */,
				69D844272863186000A651F1 /* Repository Protocols */,
			);
			path = Domain;
			sourceTree = "<group>";
		};
		692F0921285A688100780F72 /* Data */ = {
			isa = PBXGroup;
			children = (
				6964BA252869E91A00844047 /* Repositories */,
				692F0923285A69C100780F72 /* Network */,
			);
			path = Data;
			sourceTree = "<group>";
		};
		692F0922285A697900780F72 /* Entities */ = {
			isa = PBXGroup;
			children = (
				69D844172861E09F00A651F1 /* Movie.swift */,
				6964BA302869EC5F00844047 /* Genre.swift */,
			);
			path = Entities;
			sourceTree = "<group>";
		};
		692F0923285A69C100780F72 /* Network */ = {
			isa = PBXGroup;
			children = (
				692F0924285A69C600780F72 /* Mapping */,
				692F0936285A7DCB00780F72 /* NetworkService.swift */,
				69AD7319286E02A4009C5F3E /* DataTransferService.swift */,
				69F62398287648DA0059307F /* DataTransferLogger.swift */,
				69F6239228763B590059307F /* ResponseDecoder.swift */,
			);
			path = Network;
			sourceTree = "<group>";
		};
		692F0924285A69C600780F72 /* Mapping */ = {
			isa = PBXGroup;
			children = (
				69D8442028621CCC00A651F1 /* TMDBConfiguration */,
				69AD7316286DFA6F009C5F3E /* Genres */,
				692F0925285A69CC00780F72 /* Movies */,
			);
			path = Mapping;
			sourceTree = "<group>";
		};
		692F0925285A69CC00780F72 /* Movies */ = {
			isa = PBXGroup;
			children = (
				692F0926285A69DB00780F72 /* MoviesResponseDTO+Mapping.swift */,
			);
			path = Movies;
			sourceTree = "<group>";
		};
		692F0928285A6CFA00780F72 /* Presentation */ = {
			isa = PBXGroup;
			children = (
			);
			path = Presentation;
			sourceTree = "<group>";
		};
		692F0929285A6D0000780F72 /* Data */ = {
			isa = PBXGroup;
			children = (
				6964BA242869E91300844047 /* Repositories */,
				692F092D285A6E4100780F72 /* Network */,
			);
			path = Data;
			sourceTree = "<group>";
		};
		692F092A285A6D0400780F72 /* Domain */ = {
			isa = PBXGroup;
			children = (
				69D8442328621E9400A651F1 /* Use Cases */,
				69D8442428621E9A00A651F1 /* Entities */,
			);
			path = Domain;
			sourceTree = "<group>";
		};
		692F092D285A6E4100780F72 /* Network */ = {
			isa = PBXGroup;
			children = (
				692F0932285A6F0F00780F72 /* JSON Mocks */,
				692F092E285A6E5C00780F72 /* Mapping */,
				692F0938285A7DEB00780F72 /* NetworkServiceTests.swift */,
				69AD731B286E02C1009C5F3E /* DataTransferServiceTests.swift */,
				69F6239A287649980059307F /* DataTransferLoggerTests.swift */,
				69F6239428763E100059307F /* ResponseDecoderTests.swift */,
			);
			path = Network;
			sourceTree = "<group>";
		};
		692F092E285A6E5C00780F72 /* Mapping */ = {
			isa = PBXGroup;
			children = (
				692F092F285A6E6600780F72 /* Movies */,
			);
			path = Mapping;
			sourceTree = "<group>";
		};
		692F092F285A6E6600780F72 /* Movies */ = {
			isa = PBXGroup;
			children = (
				692F092B285A6D5E00780F72 /* MoviesResponseDTOTests.swift */,
			);
			path = Movies;
			sourceTree = "<group>";
		};
		692F0932285A6F0F00780F72 /* JSON Mocks */ = {
			isa = PBXGroup;
			children = (
				692F0933285A6F2A00780F72 /* MoviesResponseDTOMock.json */,
			);
			path = "JSON Mocks";
			sourceTree = "<group>";
		};
		695D8E9B28562032008B583A = {
			isa = PBXGroup;
			children = (
				695D8EA628562032008B583A /* MovieApp */,
				695D8EBD28562034008B583A /* MovieAppTests */,
				695D8EA528562032008B583A /* Products */,
			);
			sourceTree = "<group>";
		};
		695D8EA528562032008B583A /* Products */ = {
			isa = PBXGroup;
			children = (
				695D8EA428562032008B583A /* MovieApp.app */,
				695D8EBA28562034008B583A /* MovieAppTests.xctest */,
			);
			name = Products;
			sourceTree = "<group>";
		};
		695D8EA628562032008B583A /* MovieApp */ = {
			isa = PBXGroup;
			children = (
				695D8ED728562062008B583A /* Application */,
				692F091F285A687600780F72 /* Presentation */,
				692F0920285A687D00780F72 /* Domain */,
				692F0921285A688100780F72 /* Data */,
				695D8ED82856207B008B583A /* Resources */,
				695D8EAB28562032008B583A /* ViewController.swift */,
				695D8EDD285641C2008B583A /* CollectionViewController.swift */,
				695D8EDF28564387008B583A /* CollectionViewCell.xib */,
				695D8EAD28562032008B583A /* Main.storyboard */,
			);
			path = MovieApp;
			sourceTree = "<group>";
		};
		695D8EBD28562034008B583A /* MovieAppTests */ = {
			isa = PBXGroup;
			children = (
				69AD7325286F3714009C5F3E /* Stubs */,
				69F83F04286CADE9001A5FAF /* Mocks */,
				692F092A285A6D0400780F72 /* Domain */,
				692F0929285A6D0000780F72 /* Data */,
				692F0928285A6CFA00780F72 /* Presentation */,
				695D8EBE28562034008B583A /* MovieAppTests.swift */,
			);
			path = MovieAppTests;
			sourceTree = "<group>";
		};
		695D8ED728562062008B583A /* Application */ = {
			isa = PBXGroup;
			children = (
				695D8EA728562032008B583A /* AppDelegate.swift */,
				695D8EA928562032008B583A /* SceneDelegate.swift */,
				69D8441C2862052100A651F1 /* AppConfiguration.swift */,
			);
			path = Application;
			sourceTree = "<group>";
		};
		695D8ED82856207B008B583A /* Resources */ = {
			isa = PBXGroup;
			children = (
				695D8ED928563974008B583A /* Preview Content */,
				695D8EB228562034008B583A /* LaunchScreen.storyboard */,
				695D8EB028562034008B583A /* Assets.xcassets */,
				695D8EB528562034008B583A /* Info.plist */,
			);
			path = Resources;
			sourceTree = "<group>";
		};
		695D8ED928563974008B583A /* Preview Content */ = {
			isa = PBXGroup;
			children = (
			);
			path = "Preview Content";
			sourceTree = "<group>";
		};
		6964BA242869E91300844047 /* Repositories */ = {
			isa = PBXGroup;
			children = (
				6964BA32286A0AB800844047 /* GenresRepositoryTests.swift */,
			);
			path = Repositories;
			sourceTree = "<group>";
		};
		6964BA252869E91A00844047 /* Repositories */ = {
			isa = PBXGroup;
			children = (
				6964BA34286A0AE900844047 /* GenresRepository.swift */,
			);
			path = Repositories;
			sourceTree = "<group>";
		};
		69AD7316286DFA6F009C5F3E /* Genres */ = {
			isa = PBXGroup;
			children = (
				69AD7317286DFA96009C5F3E /* GenresResponseDTO+Mapping.swift */,
			);
			path = Genres;
			sourceTree = "<group>";
		};
		69AD7325286F3714009C5F3E /* Stubs */ = {
			isa = PBXGroup;
			children = (
				69AD7326286F3723009C5F3E /* TMDBResponseMocks.swift */,
			);
			path = Stubs;
			sourceTree = "<group>";
		};
		69D844192861E52900A651F1 /* Use Cases */ = {
			isa = PBXGroup;
			children = (
				69D8442128621E4400A651F1 /* GetMovieGenresUseCase.swift */,
				6964BA2A2869EAD600844047 /* GetTopRatedMoviesUseCase.swift */,
			);
			path = "Use Cases";
			sourceTree = "<group>";
		};
		69D8442028621CCC00A651F1 /* TMDBConfiguration */ = {
			isa = PBXGroup;
			children = (
				69D8441E2862158100A651F1 /* TMDBConfigurationResponseDTO+Mapping.swift */,
			);
			path = TMDBConfiguration;
			sourceTree = "<group>";
		};
		69D8442328621E9400A651F1 /* Use Cases */ = {
			isa = PBXGroup;
			children = (
				69D8442528621EAA00A651F1 /* GetMovieGenresUseCaseTests.swift */,
				6964BA2C2869EAE400844047 /* GetTopRatedMoviesUseCaseTests.swift */,
			);
			path = "Use Cases";
			sourceTree = "<group>";
		};
		69D8442428621E9A00A651F1 /* Entities */ = {
			isa = PBXGroup;
			children = (
			);
			path = Entities;
			sourceTree = "<group>";
		};
		69D844272863186000A651F1 /* Repository Protocols */ = {
			isa = PBXGroup;
			children = (
				69D844282863188400A651F1 /* MoviesRepositoryProtocol.swift */,
				6964BA2E2869EC3100844047 /* GenresRepositoryProtocol.swift */,
			);
			path = "Repository Protocols";
			sourceTree = "<group>";
		};
		69F83F04286CADE9001A5FAF /* Mocks */ = {
			isa = PBXGroup;
			children = (
				69AD731D286F1B58009C5F3E /* GenresRepositoryMock.swift */,
				69AD7323286F1BD4009C5F3E /* MoviesRepositoryMock.swift */,
				69F83F05286CADF7001A5FAF /* NetworkServiceMock.swift */,
				69AD7321286F1BB3009C5F3E /* NetworkRequestPerformerMock.swift */,
				69AD731F286F1B8C009C5F3E /* DataTransferServiceMock.swift */,
				69F62396287646470059307F /* DataTransferLoggerMock.swift */,
			);
			path = Mocks;
			sourceTree = "<group>";
		};
/* End PBXGroup section */

/* Begin PBXNativeTarget section */
		695D8EA328562032008B583A /* MovieApp */ = {
			isa = PBXNativeTarget;
			buildConfigurationList = 695D8ECE28562034008B583A /* Build configuration list for PBXNativeTarget "MovieApp" */;
			buildPhases = (
				695D8EA028562032008B583A /* Sources */,
				695D8EA128562032008B583A /* Frameworks */,
				695D8EA228562032008B583A /* Resources */,
			);
			buildRules = (
			);
			dependencies = (
			);
			name = MovieApp;
			productName = MovieApp;
			productReference = 695D8EA428562032008B583A /* MovieApp.app */;
			productType = "com.apple.product-type.application";
		};
		695D8EB928562034008B583A /* MovieAppTests */ = {
			isa = PBXNativeTarget;
			buildConfigurationList = 695D8ED128562034008B583A /* Build configuration list for PBXNativeTarget "MovieAppTests" */;
			buildPhases = (
				695D8EB628562034008B583A /* Sources */,
				695D8EB728562034008B583A /* Frameworks */,
				695D8EB828562034008B583A /* Resources */,
			);
			buildRules = (
			);
			dependencies = (
				695D8EBC28562034008B583A /* PBXTargetDependency */,
			);
			name = MovieAppTests;
			productName = MovieAppTests;
			productReference = 695D8EBA28562034008B583A /* MovieAppTests.xctest */;
			productType = "com.apple.product-type.bundle.unit-test";
		};
/* End PBXNativeTarget section */

/* Begin PBXProject section */
		695D8E9C28562032008B583A /* Project object */ = {
			isa = PBXProject;
			attributes = {
				BuildIndependentTargetsInParallel = 1;
				LastSwiftUpdateCheck = 1340;
				LastUpgradeCheck = 1340;
				TargetAttributes = {
					695D8EA328562032008B583A = {
						CreatedOnToolsVersion = 13.4.1;
					};
					695D8EB928562034008B583A = {
						CreatedOnToolsVersion = 13.4.1;
						TestTargetID = 695D8EA328562032008B583A;
					};
				};
			};
			buildConfigurationList = 695D8E9F28562032008B583A /* Build configuration list for PBXProject "MovieApp" */;
			compatibilityVersion = "Xcode 13.0";
			developmentRegion = en;
			hasScannedForEncodings = 0;
			knownRegions = (
				en,
				Base,
			);
			mainGroup = 695D8E9B28562032008B583A;
			productRefGroup = 695D8EA528562032008B583A /* Products */;
			projectDirPath = "";
			projectRoot = "";
			targets = (
				695D8EA328562032008B583A /* MovieApp */,
				695D8EB928562034008B583A /* MovieAppTests */,
			);
		};
/* End PBXProject section */

/* Begin PBXResourcesBuildPhase section */
		695D8EA228562032008B583A /* Resources */ = {
			isa = PBXResourcesBuildPhase;
			buildActionMask = 2147483647;
			files = (
				695D8EB428562034008B583A /* LaunchScreen.storyboard in Resources */,
				695D8EB128562034008B583A /* Assets.xcassets in Resources */,
				695D8EE028564387008B583A /* CollectionViewCell.xib in Resources */,
				695D8EAF28562032008B583A /* Main.storyboard in Resources */,
			);
			runOnlyForDeploymentPostprocessing = 0;
		};
		695D8EB828562034008B583A /* Resources */ = {
			isa = PBXResourcesBuildPhase;
			buildActionMask = 2147483647;
			files = (
			);
			runOnlyForDeploymentPostprocessing = 0;
		};
/* End PBXResourcesBuildPhase section */

/* Begin PBXSourcesBuildPhase section */
		695D8EA028562032008B583A /* Sources */ = {
			isa = PBXSourcesBuildPhase;
			buildActionMask = 2147483647;
			files = (
				69D844292863188400A651F1 /* MoviesRepositoryProtocol.swift in Sources */,
				69D8441D2862052100A651F1 /* AppConfiguration.swift in Sources */,
				69D8442228621E4400A651F1 /* GetMovieGenresUseCase.swift in Sources */,
				69D844182861E09F00A651F1 /* Movie.swift in Sources */,
				692F0927285A69DB00780F72 /* MoviesResponseDTO+Mapping.swift in Sources */,
				69D8441F2862158100A651F1 /* TMDBConfigurationResponseDTO+Mapping.swift in Sources */,
				695D8EDE285641C2008B583A /* CollectionViewController.swift in Sources */,
				69F6239328763B590059307F /* ResponseDecoder.swift in Sources */,
				6964BA2F2869EC3100844047 /* GenresRepositoryProtocol.swift in Sources */,
				6964BA35286A0AE900844047 /* GenresRepository.swift in Sources */,
				695D8EAC28562032008B583A /* ViewController.swift in Sources */,
				69F62399287648DA0059307F /* DataTransferLogger.swift in Sources */,
				6964BA2B2869EAD600844047 /* GetTopRatedMoviesUseCase.swift in Sources */,
				69AD7318286DFA96009C5F3E /* GenresResponseDTO+Mapping.swift in Sources */,
				695D8EA828562032008B583A /* AppDelegate.swift in Sources */,
				692F0937285A7DCB00780F72 /* NetworkService.swift in Sources */,
				695D8EAA28562032008B583A /* SceneDelegate.swift in Sources */,
				6964BA312869EC5F00844047 /* Genre.swift in Sources */,
				69AD731A286E02A4009C5F3E /* DataTransferService.swift in Sources */,
			);
			runOnlyForDeploymentPostprocessing = 0;
		};
		695D8EB628562034008B583A /* Sources */ = {
			isa = PBXSourcesBuildPhase;
			buildActionMask = 2147483647;
			files = (
				69F6239B287649990059307F /* DataTransferLoggerTests.swift in Sources */,
				69F62397287646470059307F /* DataTransferLoggerMock.swift in Sources */,
				69F83F06286CADF7001A5FAF /* NetworkServiceMock.swift in Sources */,
				69AD7327286F3723009C5F3E /* TMDBResponseMocks.swift in Sources */,
				6964BA33286A0AB800844047 /* GenresRepositoryTests.swift in Sources */,
				69AD731C286E02C1009C5F3E /* DataTransferServiceTests.swift in Sources */,
				6964BA2D2869EAE400844047 /* GetTopRatedMoviesUseCaseTests.swift in Sources */,
				69F6239528763E100059307F /* ResponseDecoderTests.swift in Sources */,
				69AD7320286F1B8C009C5F3E /* DataTransferServiceMock.swift in Sources */,
				69AD7322286F1BB3009C5F3E /* NetworkRequestPerformerMock.swift in Sources */,
				695D8EBF28562034008B583A /* MovieAppTests.swift in Sources */,
				69AD731E286F1B58009C5F3E /* GenresRepositoryMock.swift in Sources */,
				692F0935285A6F8C00780F72 /* MoviesResponseDTOTests.swift in Sources */,
				692F0939285A7DEB00780F72 /* NetworkServiceTests.swift in Sources */,
				69AD7324286F1BD4009C5F3E /* MoviesRepositoryMock.swift in Sources */,
				69D8442628621EAA00A651F1 /* GetMovieGenresUseCaseTests.swift in Sources */,
				692F0934285A6F2A00780F72 /* MoviesResponseDTOMock.json in Sources */,
			);
			runOnlyForDeploymentPostprocessing = 0;
		};
/* End PBXSourcesBuildPhase section */

/* Begin PBXTargetDependency section */
		695D8EBC28562034008B583A /* PBXTargetDependency */ = {
			isa = PBXTargetDependency;
			target = 695D8EA328562032008B583A /* MovieApp */;
			targetProxy = 695D8EBB28562034008B583A /* PBXContainerItemProxy */;
		};
/* End PBXTargetDependency section */

/* Begin PBXVariantGroup section */
		695D8EAD28562032008B583A /* Main.storyboard */ = {
			isa = PBXVariantGroup;
			children = (
				695D8EAE28562032008B583A /* Base */,
			);
			name = Main.storyboard;
			sourceTree = "<group>";
		};
		695D8EB228562034008B583A /* LaunchScreen.storyboard */ = {
			isa = PBXVariantGroup;
			children = (
				695D8EB328562034008B583A /* Base */,
			);
			name = LaunchScreen.storyboard;
			sourceTree = "<group>";
		};
/* End PBXVariantGroup section */

/* Begin XCBuildConfiguration section */
		695D8ECC28562034008B583A /* Debug */ = {
			isa = XCBuildConfiguration;
			buildSettings = {
				ALWAYS_SEARCH_USER_PATHS = NO;
				CLANG_ANALYZER_NONNULL = YES;
				CLANG_ANALYZER_NUMBER_OBJECT_CONVERSION = YES_AGGRESSIVE;
				CLANG_CXX_LANGUAGE_STANDARD = "gnu++17";
				CLANG_ENABLE_MODULES = YES;
				CLANG_ENABLE_OBJC_ARC = YES;
				CLANG_ENABLE_OBJC_WEAK = YES;
				CLANG_WARN_BLOCK_CAPTURE_AUTORELEASING = YES;
				CLANG_WARN_BOOL_CONVERSION = YES;
				CLANG_WARN_COMMA = YES;
				CLANG_WARN_CONSTANT_CONVERSION = YES;
				CLANG_WARN_DEPRECATED_OBJC_IMPLEMENTATIONS = YES;
				CLANG_WARN_DIRECT_OBJC_ISA_USAGE = YES_ERROR;
				CLANG_WARN_DOCUMENTATION_COMMENTS = YES;
				CLANG_WARN_EMPTY_BODY = YES;
				CLANG_WARN_ENUM_CONVERSION = YES;
				CLANG_WARN_INFINITE_RECURSION = YES;
				CLANG_WARN_INT_CONVERSION = YES;
				CLANG_WARN_NON_LITERAL_NULL_CONVERSION = YES;
				CLANG_WARN_OBJC_IMPLICIT_RETAIN_SELF = YES;
				CLANG_WARN_OBJC_LITERAL_CONVERSION = YES;
				CLANG_WARN_OBJC_ROOT_CLASS = YES_ERROR;
				CLANG_WARN_QUOTED_INCLUDE_IN_FRAMEWORK_HEADER = YES;
				CLANG_WARN_RANGE_LOOP_ANALYSIS = YES;
				CLANG_WARN_STRICT_PROTOTYPES = YES;
				CLANG_WARN_SUSPICIOUS_MOVE = YES;
				CLANG_WARN_UNGUARDED_AVAILABILITY = YES_AGGRESSIVE;
				CLANG_WARN_UNREACHABLE_CODE = YES;
				CLANG_WARN__DUPLICATE_METHOD_MATCH = YES;
				COPY_PHASE_STRIP = NO;
				DEBUG_INFORMATION_FORMAT = dwarf;
				ENABLE_STRICT_OBJC_MSGSEND = YES;
				ENABLE_TESTABILITY = YES;
				GCC_C_LANGUAGE_STANDARD = gnu11;
				GCC_DYNAMIC_NO_PIC = NO;
				GCC_NO_COMMON_BLOCKS = YES;
				GCC_OPTIMIZATION_LEVEL = 0;
				GCC_PREPROCESSOR_DEFINITIONS = (
					"DEBUG=1",
					"$(inherited)",
				);
				GCC_WARN_64_TO_32_BIT_CONVERSION = YES;
				GCC_WARN_ABOUT_RETURN_TYPE = YES_ERROR;
				GCC_WARN_UNDECLARED_SELECTOR = YES;
				GCC_WARN_UNINITIALIZED_AUTOS = YES_AGGRESSIVE;
				GCC_WARN_UNUSED_FUNCTION = YES;
				GCC_WARN_UNUSED_VARIABLE = YES;
				IPHONEOS_DEPLOYMENT_TARGET = 15.5;
				MTL_ENABLE_DEBUG_INFO = INCLUDE_SOURCE;
				MTL_FAST_MATH = YES;
				ONLY_ACTIVE_ARCH = YES;
				SDKROOT = iphoneos;
				SWIFT_ACTIVE_COMPILATION_CONDITIONS = DEBUG;
				SWIFT_OPTIMIZATION_LEVEL = "-Onone";
			};
			name = Debug;
		};
		695D8ECD28562034008B583A /* Release */ = {
			isa = XCBuildConfiguration;
			buildSettings = {
				ALWAYS_SEARCH_USER_PATHS = NO;
				CLANG_ANALYZER_NONNULL = YES;
				CLANG_ANALYZER_NUMBER_OBJECT_CONVERSION = YES_AGGRESSIVE;
				CLANG_CXX_LANGUAGE_STANDARD = "gnu++17";
				CLANG_ENABLE_MODULES = YES;
				CLANG_ENABLE_OBJC_ARC = YES;
				CLANG_ENABLE_OBJC_WEAK = YES;
				CLANG_WARN_BLOCK_CAPTURE_AUTORELEASING = YES;
				CLANG_WARN_BOOL_CONVERSION = YES;
				CLANG_WARN_COMMA = YES;
				CLANG_WARN_CONSTANT_CONVERSION = YES;
				CLANG_WARN_DEPRECATED_OBJC_IMPLEMENTATIONS = YES;
				CLANG_WARN_DIRECT_OBJC_ISA_USAGE = YES_ERROR;
				CLANG_WARN_DOCUMENTATION_COMMENTS = YES;
				CLANG_WARN_EMPTY_BODY = YES;
				CLANG_WARN_ENUM_CONVERSION = YES;
				CLANG_WARN_INFINITE_RECURSION = YES;
				CLANG_WARN_INT_CONVERSION = YES;
				CLANG_WARN_NON_LITERAL_NULL_CONVERSION = YES;
				CLANG_WARN_OBJC_IMPLICIT_RETAIN_SELF = YES;
				CLANG_WARN_OBJC_LITERAL_CONVERSION = YES;
				CLANG_WARN_OBJC_ROOT_CLASS = YES_ERROR;
				CLANG_WARN_QUOTED_INCLUDE_IN_FRAMEWORK_HEADER = YES;
				CLANG_WARN_RANGE_LOOP_ANALYSIS = YES;
				CLANG_WARN_STRICT_PROTOTYPES = YES;
				CLANG_WARN_SUSPICIOUS_MOVE = YES;
				CLANG_WARN_UNGUARDED_AVAILABILITY = YES_AGGRESSIVE;
				CLANG_WARN_UNREACHABLE_CODE = YES;
				CLANG_WARN__DUPLICATE_METHOD_MATCH = YES;
				COPY_PHASE_STRIP = NO;
				DEBUG_INFORMATION_FORMAT = "dwarf-with-dsym";
				ENABLE_NS_ASSERTIONS = NO;
				ENABLE_STRICT_OBJC_MSGSEND = YES;
				GCC_C_LANGUAGE_STANDARD = gnu11;
				GCC_NO_COMMON_BLOCKS = YES;
				GCC_WARN_64_TO_32_BIT_CONVERSION = YES;
				GCC_WARN_ABOUT_RETURN_TYPE = YES_ERROR;
				GCC_WARN_UNDECLARED_SELECTOR = YES;
				GCC_WARN_UNINITIALIZED_AUTOS = YES_AGGRESSIVE;
				GCC_WARN_UNUSED_FUNCTION = YES;
				GCC_WARN_UNUSED_VARIABLE = YES;
				IPHONEOS_DEPLOYMENT_TARGET = 15.5;
				MTL_ENABLE_DEBUG_INFO = NO;
				MTL_FAST_MATH = YES;
				SDKROOT = iphoneos;
				SWIFT_COMPILATION_MODE = wholemodule;
				SWIFT_OPTIMIZATION_LEVEL = "-O";
				VALIDATE_PRODUCT = YES;
			};
			name = Release;
		};
		695D8ECF28562034008B583A /* Debug */ = {
			isa = XCBuildConfiguration;
			buildSettings = {
				ASSETCATALOG_COMPILER_APPICON_NAME = AppIcon;
				ASSETCATALOG_COMPILER_GLOBAL_ACCENT_COLOR_NAME = AccentColor;
				CODE_SIGN_STYLE = Automatic;
				CURRENT_PROJECT_VERSION = 1;
				DEVELOPMENT_TEAM = VNRW7375YF;
				GENERATE_INFOPLIST_FILE = YES;
				INFOPLIST_FILE = "MovieApp//Resources/Info.plist";
				INFOPLIST_KEY_UIApplicationSupportsIndirectInputEvents = YES;
				INFOPLIST_KEY_UILaunchStoryboardName = LaunchScreen;
				INFOPLIST_KEY_UIMainStoryboardFile = Main;
				INFOPLIST_KEY_UISupportedInterfaceOrientations_iPad = "UIInterfaceOrientationPortrait UIInterfaceOrientationPortraitUpsideDown UIInterfaceOrientationLandscapeLeft UIInterfaceOrientationLandscapeRight";
				INFOPLIST_KEY_UISupportedInterfaceOrientations_iPhone = "UIInterfaceOrientationPortrait UIInterfaceOrientationLandscapeLeft UIInterfaceOrientationLandscapeRight";
				LD_RUNPATH_SEARCH_PATHS = (
					"$(inherited)",
					"@executable_path/Frameworks",
				);
				MARKETING_VERSION = 1.0;
				PRODUCT_BUNDLE_IDENTIFIER = com.paulrobertwillis.MovieApp;
				PRODUCT_NAME = "$(TARGET_NAME)";
				SWIFT_EMIT_LOC_STRINGS = YES;
				SWIFT_VERSION = 5.0;
				TARGETED_DEVICE_FAMILY = "1,2";
				TMDB_API_KEY = 87c18a6eca3e6995e82fab7f60b9a8a7;
				TMDB_BASE_URL = "https://api.themoviedb.org";
			};
			name = Debug;
		};
		695D8ED028562034008B583A /* Release */ = {
			isa = XCBuildConfiguration;
			buildSettings = {
				ASSETCATALOG_COMPILER_APPICON_NAME = AppIcon;
				ASSETCATALOG_COMPILER_GLOBAL_ACCENT_COLOR_NAME = AccentColor;
				CODE_SIGN_STYLE = Automatic;
				CURRENT_PROJECT_VERSION = 1;
				DEVELOPMENT_TEAM = VNRW7375YF;
				GENERATE_INFOPLIST_FILE = YES;
				INFOPLIST_FILE = "MovieApp//Resources/Info.plist";
				INFOPLIST_KEY_UIApplicationSupportsIndirectInputEvents = YES;
				INFOPLIST_KEY_UILaunchStoryboardName = LaunchScreen;
				INFOPLIST_KEY_UIMainStoryboardFile = Main;
				INFOPLIST_KEY_UISupportedInterfaceOrientations_iPad = "UIInterfaceOrientationPortrait UIInterfaceOrientationPortraitUpsideDown UIInterfaceOrientationLandscapeLeft UIInterfaceOrientationLandscapeRight";
				INFOPLIST_KEY_UISupportedInterfaceOrientations_iPhone = "UIInterfaceOrientationPortrait UIInterfaceOrientationLandscapeLeft UIInterfaceOrientationLandscapeRight";
				LD_RUNPATH_SEARCH_PATHS = (
					"$(inherited)",
					"@executable_path/Frameworks",
				);
				MARKETING_VERSION = 1.0;
				PRODUCT_BUNDLE_IDENTIFIER = com.paulrobertwillis.MovieApp;
				PRODUCT_NAME = "$(TARGET_NAME)";
				SWIFT_EMIT_LOC_STRINGS = YES;
				SWIFT_VERSION = 5.0;
				TARGETED_DEVICE_FAMILY = "1,2";
				TMDB_API_KEY = 87c18a6eca3e6995e82fab7f60b9a8a7;
				TMDB_BASE_URL = "https://api.themoviedb.org";
			};
			name = Release;
		};
		695D8ED228562034008B583A /* Debug */ = {
			isa = XCBuildConfiguration;
			buildSettings = {
				ALWAYS_EMBED_SWIFT_STANDARD_LIBRARIES = YES;
				BUNDLE_LOADER = "$(TEST_HOST)";
				CODE_SIGN_STYLE = Automatic;
				CURRENT_PROJECT_VERSION = 1;
				DEVELOPMENT_TEAM = VNRW7375YF;
				GENERATE_INFOPLIST_FILE = YES;
				IPHONEOS_DEPLOYMENT_TARGET = 15.5;
				MARKETING_VERSION = 1.0;
				PRODUCT_BUNDLE_IDENTIFIER = com.paulrobertwillis.MovieAppTests;
				PRODUCT_NAME = "$(TARGET_NAME)";
				SWIFT_EMIT_LOC_STRINGS = NO;
				SWIFT_VERSION = 5.0;
				TARGETED_DEVICE_FAMILY = "1,2";
				TEST_HOST = "$(BUILT_PRODUCTS_DIR)/MovieApp.app/MovieApp";
			};
			name = Debug;
		};
		695D8ED328562034008B583A /* Release */ = {
			isa = XCBuildConfiguration;
			buildSettings = {
				ALWAYS_EMBED_SWIFT_STANDARD_LIBRARIES = YES;
				BUNDLE_LOADER = "$(TEST_HOST)";
				CODE_SIGN_STYLE = Automatic;
				CURRENT_PROJECT_VERSION = 1;
				DEVELOPMENT_TEAM = VNRW7375YF;
				GENERATE_INFOPLIST_FILE = YES;
				IPHONEOS_DEPLOYMENT_TARGET = 15.5;
				MARKETING_VERSION = 1.0;
				PRODUCT_BUNDLE_IDENTIFIER = com.paulrobertwillis.MovieAppTests;
				PRODUCT_NAME = "$(TARGET_NAME)";
				SWIFT_EMIT_LOC_STRINGS = NO;
				SWIFT_VERSION = 5.0;
				TARGETED_DEVICE_FAMILY = "1,2";
				TEST_HOST = "$(BUILT_PRODUCTS_DIR)/MovieApp.app/MovieApp";
			};
			name = Release;
		};
/* End XCBuildConfiguration section */

/* Begin XCConfigurationList section */
		695D8E9F28562032008B583A /* Build configuration list for PBXProject "MovieApp" */ = {
			isa = XCConfigurationList;
			buildConfigurations = (
				695D8ECC28562034008B583A /* Debug */,
				695D8ECD28562034008B583A /* Release */,
			);
			defaultConfigurationIsVisible = 0;
			defaultConfigurationName = Release;
		};
		695D8ECE28562034008B583A /* Build configuration list for PBXNativeTarget "MovieApp" */ = {
			isa = XCConfigurationList;
			buildConfigurations = (
				695D8ECF28562034008B583A /* Debug */,
				695D8ED028562034008B583A /* Release */,
			);
			defaultConfigurationIsVisible = 0;
			defaultConfigurationName = Release;
		};
		695D8ED128562034008B583A /* Build configuration list for PBXNativeTarget "MovieAppTests" */ = {
			isa = XCConfigurationList;
			buildConfigurations = (
				695D8ED228562034008B583A /* Debug */,
				695D8ED328562034008B583A /* Release */,
			);
			defaultConfigurationIsVisible = 0;
			defaultConfigurationName = Release;
		};
/* End XCConfigurationList section */
	};
	rootObject = 695D8E9C28562032008B583A /* Project object */;
}
